{
    "_readme": [
        "This file locks the dependencies of your project to a known state",
        "Read more about it at https://getcomposer.org/doc/01-basic-usage.md#composer-lock-the-lock-file",
        "This file is @generated automatically"
    ],
    "hash": "3534984e3fc6e5e244db99d7fd71f182",
    "content-hash": "de280bd7134fb8da5fca0f19ab017f95",
    "packages": [],
    "packages-dev": [
        {
            "name": "eloquent/phony",
            "version": "0.11.0",
            "source": {
                "type": "git",
                "url": "https://github.com/eloquent/phony.git",
                "reference": "7112244106d0ee3f81318ef1a2679c31b0859cd1"
            },
            "dist": {
                "type": "zip",
                "url": "https://api.github.com/repos/eloquent/phony/zipball/7112244106d0ee3f81318ef1a2679c31b0859cd1",
                "reference": "7112244106d0ee3f81318ef1a2679c31b0859cd1",
                "shasum": ""
            },
            "require": {
                "php": ">=5.3"
            },
            "require-dev": {
                "athletic/athletic": "^0.1",
                "counterpart/counterpart": "^1",
                "danielstjules/pho": "^1",
                "ext-pdo": "*",
                "friendsofphp/php-cs-fixer": "^1",
                "hamcrest/hamcrest-php": "^2",
                "icecave/isolator": "^3",
                "icecave/semver": "^3",
                "icecave/woodhouse": "dev-symlinks",
                "mockery/mockery": "^0.9",
                "peridot-php/leo": "^1",
                "peridot-php/peridot": "^1",
                "phake/phake": "^2",
                "phpdocumentor/reflection-docblock": "^2",
                "phpspec/prophecy": "^1",
                "phpunit/php-code-coverage": "^2",
                "phpunit/phpunit": "^4",
                "simpletest/simpletest": "^1"
            },
            "type": "library",
            "autoload": {
                "psr-4": {
                    "Eloquent\\Phony\\": "src"
                },
                "files": [
                    "src/functions.php",
                    "src/Pho/functions.php",
                    "src/Phpunit/functions.php",
                    "src/Simpletest/functions.php"
                ]
            },
            "notification-url": "https://packagist.org/downloads/",
            "license": [
                "MIT"
            ],
            "authors": [
                {
                    "name": "Erin Millard",
                    "email": "ezzatron@gmail.com",
                    "homepage": "http://ezzatron.com/"
                }
            ],
            "description": "Mocks, stubs, and spies for PHP.",
            "homepage": "https://github.com/eloquent/phony",
            "keywords": [
                "Double",
                "Dummy",
                "fake",
                "mock",
                "mocking",
                "spy",
                "stub",
                "stubbing",
                "test"
            ],
            "time": "2016-07-12 04:43:22"
        }
    ],
    "aliases": [],
    "minimum-stability": "stable",
    "stability-flags": [],
    "prefer-stable": false,
    "prefer-lowest": false,
    "platform": [],
    "platform-dev": []
}
